
Microsoft Visual Studio Solution File, Format Version 12.00
Project("{FAE04EC0-301F-11D3-BF4B-00C04F79EFBC}") = "Yarp.Sample", "Yarp.Sample\Yarp.Sample.csproj", "{863A4564-322B-4E2A-863D-0A07E7511933}"
EndProject
Project("{FAE04EC0-301F-11D3-BF4B-00C04F79EFBC}") = "Yarp.Service", "Yarp.Service\Yarp.Service.csproj", "{0FF0B2C7-CFE1-4FA1-866C-6B6CA056381D}"
EndProject
Project("{2150E333-8FDC-42A3-9474-1A3956D46DE8}") = "Scripts", "Scripts", "{3CDC583D-7D2C-4C06-B36F-B804F4B7FDBB}"
	ProjectSection(SolutionItems) = preProject
		Scripts\add.user.token.ps1 = Scripts\add.user.token.ps1
		Scripts\get.admin.token.ps1 = Scripts\get.admin.token.ps1
		Scripts\run.keycloak.ps1 = Scripts\run.keycloak.ps1
	EndProjectSection
EndProject
Project("{FAE04EC0-301F-11D3-BF4B-00C04F79EFBC}") = "Yarp.Shared", "Yarp.Shared\Yarp.Shared.csproj", "{4B8A95C9-079A-4DD8-B0ED-B5DC5225B6A1}"
EndProject
Project("{FAE04EC0-301F-11D3-BF4B-00C04F79EFBC}") = "Yarp.Keycloak", "Yarp.Keycloak\Yarp.Keycloak.csproj", "{A91D278A-5914-4DDF-88C8-B31D7177E70C}"
EndProject
Global
	GlobalSection(SolutionConfigurationPlatforms) = preSolution
		Debug|Any CPU = Debug|Any CPU
		Release|Any CPU = Release|Any CPU
	EndGlobalSection
	GlobalSection(ProjectConfigurationPlatforms) = postSolution
		{863A4564-322B-4E2A-863D-0A07E7511933}.Debug|Any CPU.ActiveCfg = Debug|Any CPU
		{863A4564-322B-4E2A-863D-0A07E7511933}.Debug|Any CPU.Build.0 = Debug|Any CPU
		{863A4564-322B-4E2A-863D-0A07E7511933}.Release|Any CPU.ActiveCfg = Release|Any CPU
		{863A4564-322B-4E2A-863D-0A07E7511933}.Release|Any CPU.Build.0 = Release|Any CPU
		{0FF0B2C7-CFE1-4FA1-866C-6B6CA056381D}.Debug|Any CPU.ActiveCfg = Debug|Any CPU
		{0FF0B2C7-CFE1-4FA1-866C-6B6CA056381D}.Debug|Any CPU.Build.0 = Debug|Any CPU
		{0FF0B2C7-CFE1-4FA1-866C-6B6CA056381D}.Release|Any CPU.ActiveCfg = Release|Any CPU
		{0FF0B2C7-CFE1-4FA1-866C-6B6CA056381D}.Release|Any CPU.Build.0 = Release|Any CPU
		{4B8A95C9-079A-4DD8-B0ED-B5DC5225B6A1}.Debug|Any CPU.ActiveCfg = Debug|Any CPU
		{4B8A95C9-079A-4DD8-B0ED-B5DC5225B6A1}.Debug|Any CPU.Build.0 = Debug|Any CPU
		{4B8A95C9-079A-4DD8-B0ED-B5DC5225B6A1}.Release|Any CPU.ActiveCfg = Release|Any CPU
		{4B8A95C9-079A-4DD8-B0ED-B5DC5225B6A1}.Release|Any CPU.Build.0 = Release|Any CPU
		{A91D278A-5914-4DDF-88C8-B31D7177E70C}.Debug|Any CPU.ActiveCfg = Debug|Any CPU
		{A91D278A-5914-4DDF-88C8-B31D7177E70C}.Debug|Any CPU.Build.0 = Debug|Any CPU
		{A91D278A-5914-4DDF-88C8-B31D7177E70C}.Release|Any CPU.ActiveCfg = Release|Any CPU
		{A91D278A-5914-4DDF-88C8-B31D7177E70C}.Release|Any CPU.Build.0 = Release|Any CPU
	EndGlobalSection
EndGlobal
